// !$*UTF8*$!
{
	archiveVersion = 1;
	classes = {
	};
	objectVersion = 50;
	objects = {

/* Begin PBXBuildFile section */
		A98004A87552F07561C5E27A /* Pods_Swift_2.framework in Frameworks */ = {isa = PBXBuildFile; fileRef = 306DBC870E1E8E20145CF800 /* Pods_Swift_2.framework */; };
		CB6B1F7F20BF315800122C8D /* Friends.swift in Sources */ = {isa = PBXBuildFile; fileRef = CB6B1F7E20BF315800122C8D /* Friends.swift */; };
		CB6B1F8120C00B7200122C8D /* Api.swift in Sources */ = {isa = PBXBuildFile; fileRef = CB6B1F8020C00B7200122C8D /* Api.swift */; };
		CB6B1F8320C020ED00122C8D /* TableViewCellGroup.swift in Sources */ = {isa = PBXBuildFile; fileRef = CB6B1F8220C020ED00122C8D /* TableViewCellGroup.swift */; };
		CB6B1F8520C0229400122C8D /* Groups.swift in Sources */ = {isa = PBXBuildFile; fileRef = CB6B1F8420C0229400122C8D /* Groups.swift */; };
		CB913A0D20B15BA6000025AD /* AppDelegate.swift in Sources */ = {isa = PBXBuildFile; fileRef = CB913A0C20B15BA6000025AD /* AppDelegate.swift */; };
		CB913A0F20B15BA6000025AD /* ViewController.swift in Sources */ = {isa = PBXBuildFile; fileRef = CB913A0E20B15BA6000025AD /* ViewController.swift */; };
		CB913A1220B15BA6000025AD /* Main.storyboard in Resources */ = {isa = PBXBuildFile; fileRef = CB913A1020B15BA6000025AD /* Main.storyboard */; };
		CB913A1420B15BA7000025AD /* Assets.xcassets in Resources */ = {isa = PBXBuildFile; fileRef = CB913A1320B15BA7000025AD /* Assets.xcassets */; };
		CB913A1720B15BA7000025AD /* LaunchScreen.storyboard in Resources */ = {isa = PBXBuildFile; fileRef = CB913A1520B15BA7000025AD /* LaunchScreen.storyboard */; };
		CB913A2120B1B13E000025AD /* TableViewControllerFriends.swift in Sources */ = {isa = PBXBuildFile; fileRef = CB913A2020B1B13E000025AD /* TableViewControllerFriends.swift */; };
		CB913A2320B1B76B000025AD /* TableViewCellFriend.swift in Sources */ = {isa = PBXBuildFile; fileRef = CB913A2220B1B76B000025AD /* TableViewCellFriend.swift */; };
		CB913A2520B2DD7C000025AD /* CollectionViewController.swift in Sources */ = {isa = PBXBuildFile; fileRef = CB913A2420B2DD7C000025AD /* CollectionViewController.swift */; };
		CB913A2920B2E5C1000025AD /* CollectionViewCellFriend.swift in Sources */ = {isa = PBXBuildFile; fileRef = CB913A2820B2E5C1000025AD /* CollectionViewCellFriend.swift */; };
		CB913A2E20B31134000025AD /* TableViewControllerGroup.swift in Sources */ = {isa = PBXBuildFile; fileRef = CB913A2D20B31134000025AD /* TableViewControllerGroup.swift */; };
		CB913A3120B44E2F000025AD /* ViewControllerWeb.swift in Sources */ = {isa = PBXBuildFile; fileRef = CB913A3020B44E2F000025AD /* ViewControllerWeb.swift */; };
		CB913A3420B451D4000025AD /* Connection.swift in Sources */ = {isa = PBXBuildFile; fileRef = CB913A3320B451D4000025AD /* Connection.swift */; };
/* End PBXBuildFile section */

/* Begin PBXFileReference section */
		0489ED75E035DB6A20A57D86 /* Pods-Swift_2.debug.xcconfig */ = {isa = PBXFileReference; includeInIndex = 1; lastKnownFileType = text.xcconfig; name = "Pods-Swift_2.debug.xcconfig"; path = "Pods/Target Support Files/Pods-Swift_2/Pods-Swift_2.debug.xcconfig"; sourceTree = "<group>"; };
		306DBC870E1E8E20145CF800 /* Pods_Swift_2.framework */ = {isa = PBXFileReference; explicitFileType = wrapper.framework; includeInIndex = 0; path = Pods_Swift_2.framework; sourceTree = BUILT_PRODUCTS_DIR; };
		5CEDEF8571AA94F89AB5B5C9 /* Pods-Swift_2.release.xcconfig */ = {isa = PBXFileReference; includeInIndex = 1; lastKnownFileType = text.xcconfig; name = "Pods-Swift_2.release.xcconfig"; path = "Pods/Target Support Files/Pods-Swift_2/Pods-Swift_2.release.xcconfig"; sourceTree = "<group>"; };
		CB6B1F7E20BF315800122C8D /* Friends.swift */ = {isa = PBXFileReference; lastKnownFileType = sourcecode.swift; path = Friends.swift; sourceTree = "<group>"; };
		CB6B1F8020C00B7200122C8D /* Api.swift */ = {isa = PBXFileReference; lastKnownFileType = sourcecode.swift; path = Api.swift; sourceTree = "<group>"; };
		CB6B1F8220C020ED00122C8D /* TableViewCellGroup.swift */ = {isa = PBXFileReference; lastKnownFileType = sourcecode.swift; path = TableViewCellGroup.swift; sourceTree = "<group>"; };
		CB6B1F8420C0229400122C8D /* Groups.swift */ = {isa = PBXFileReference; lastKnownFileType = sourcecode.swift; path = Groups.swift; sourceTree = "<group>"; };
		CB913A0920B15BA6000025AD /* Swift_2.app */ = {isa = PBXFileReference; explicitFileType = wrapper.application; includeInIndex = 0; path = Swift_2.app; sourceTree = BUILT_PRODUCTS_DIR; };
		CB913A0C20B15BA6000025AD /* AppDelegate.swift */ = {isa = PBXFileReference; lastKnownFileType = sourcecode.swift; path = AppDelegate.swift; sourceTree = "<group>"; };
		CB913A0E20B15BA6000025AD /* ViewController.swift */ = {isa = PBXFileReference; lastKnownFileType = sourcecode.swift; path = ViewController.swift; sourceTree = "<group>"; };
		CB913A1120B15BA6000025AD /* Base */ = {isa = PBXFileReference; lastKnownFileType = file.storyboard; name = Base; path = Base.lproj/Main.storyboard; sourceTree = "<group>"; };
		CB913A1320B15BA7000025AD /* Assets.xcassets */ = {isa = PBXFileReference; lastKnownFileType = folder.assetcatalog; path = Assets.xcassets; sourceTree = "<group>"; };
		CB913A1620B15BA7000025AD /* Base */ = {isa = PBXFileReference; lastKnownFileType = file.storyboard; name = Base; path = Base.lproj/LaunchScreen.storyboard; sourceTree = "<group>"; };
		CB913A1820B15BA7000025AD /* Info.plist */ = {isa = PBXFileReference; lastKnownFileType = text.plist.xml; path = Info.plist; sourceTree = "<group>"; };
		CB913A2020B1B13E000025AD /* TableViewControllerFriends.swift */ = {isa = PBXFileReference; lastKnownFileType = sourcecode.swift; path = TableViewControllerFriends.swift; sourceTree = "<group>"; };
		CB913A2220B1B76B000025AD /* TableViewCellFriend.swift */ = {isa = PBXFileReference; lastKnownFileType = sourcecode.swift; path = TableViewCellFriend.swift; sourceTree = "<group>"; };
		CB913A2420B2DD7C000025AD /* CollectionViewController.swift */ = {isa = PBXFileReference; lastKnownFileType = sourcecode.swift; path = CollectionViewController.swift; sourceTree = "<group>"; };
		CB913A2820B2E5C1000025AD /* CollectionViewCellFriend.swift */ = {isa = PBXFileReference; lastKnownFileType = sourcecode.swift; path = CollectionViewCellFriend.swift; sourceTree = "<group>"; };
		CB913A2D20B31134000025AD /* TableViewControllerGroup.swift */ = {isa = PBXFileReference; lastKnownFileType = sourcecode.swift; path = TableViewControllerGroup.swift; sourceTree = "<group>"; };
		CB913A3020B44E2F000025AD /* ViewControllerWeb.swift */ = {isa = PBXFileReference; lastKnownFileType = sourcecode.swift; path = ViewControllerWeb.swift; sourceTree = "<group>"; };
		CB913A3320B451D4000025AD /* Connection.swift */ = {isa = PBXFileReference; lastKnownFileType = sourcecode.swift; path = Connection.swift; sourceTree = "<group>"; };
/* End PBXFileReference section */

/* Begin PBXFrameworksBuildPhase section */
		CB913A0620B15BA6000025AD /* Frameworks */ = {
			isa = PBXFrameworksBuildPhase;
			buildActionMask = 2147483647;
			files = (
				A98004A87552F07561C5E27A /* Pods_Swift_2.framework in Frameworks */,
			);
			runOnlyForDeploymentPostprocessing = 0;
		};
/* End PBXFrameworksBuildPhase section */

/* Begin PBXGroup section */
		11500F8693941CEEF516C5AE /* Frameworks */ = {
			isa = PBXGroup;
			children = (
				306DBC870E1E8E20145CF800 /* Pods_Swift_2.framework */,
			);
			name = Frameworks;
			sourceTree = "<group>";
		};
		8D7735C6056E3CF7D2A102B3 /* Pods */ = {
			isa = PBXGroup;
			children = (
				0489ED75E035DB6A20A57D86 /* Pods-Swift_2.debug.xcconfig */,
				5CEDEF8571AA94F89AB5B5C9 /* Pods-Swift_2.release.xcconfig */,
			);
			name = Pods;
			sourceTree = "<group>";
		};
		CB913A0020B15BA6000025AD = {
			isa = PBXGroup;
			children = (
				CB913A3220B44E38000025AD /* Connect */,
				CB913A2F20B330C2000025AD /* Groups */,
				CB913A2C20B310E3000025AD /* Friends */,
				CB913A0B20B15BA6000025AD /* Swift_2 */,
				CB913A0A20B15BA6000025AD /* Products */,
				8D7735C6056E3CF7D2A102B3 /* Pods */,
				11500F8693941CEEF516C5AE /* Frameworks */,
			);
			sourceTree = "<group>";
		};
		CB913A0A20B15BA6000025AD /* Products */ = {
			isa = PBXGroup;
			children = (
				CB913A0920B15BA6000025AD /* Swift_2.app */,
			);
			name = Products;
			sourceTree = "<group>";
		};
		CB913A0B20B15BA6000025AD /* Swift_2 */ = {
			isa = PBXGroup;
			children = (
				CB913A1020B15BA6000025AD /* Main.storyboard */,
				CB913A0C20B15BA6000025AD /* AppDelegate.swift */,
				CB913A0E20B15BA6000025AD /* ViewController.swift */,
				CB913A1320B15BA7000025AD /* Assets.xcassets */,
				CB913A1520B15BA7000025AD /* LaunchScreen.storyboard */,
				CB913A1820B15BA7000025AD /* Info.plist */,
			);
			path = Swift_2;
			sourceTree = "<group>";
		};
		CB913A2C20B310E3000025AD /* Friends */ = {
			isa = PBXGroup;
			children = (
				CB6B1F7E20BF315800122C8D /* Friends.swift */,
				CB913A2220B1B76B000025AD /* TableViewCellFriend.swift */,
				CB913A2020B1B13E000025AD /* TableViewControllerFriends.swift */,
				CB913A2420B2DD7C000025AD /* CollectionViewController.swift */,
				CB913A2820B2E5C1000025AD /* CollectionViewCellFriend.swift */,
			);
			path = Friends;
			sourceTree = "<group>";
		};
		CB913A2F20B330C2000025AD /* Groups */ = {
			isa = PBXGroup;
			children = (
				CB6B1F8420C0229400122C8D /* Groups.swift */,
				CB6B1F8220C020ED00122C8D /* TableViewCellGroup.swift */,
				CB913A2D20B31134000025AD /* TableViewControllerGroup.swift */,
			);
			path = Groups;
			sourceTree = "<group>";
		};
		CB913A3220B44E38000025AD /* Connect */ = {
			isa = PBXGroup;
			children = (
				CB6B1F8020C00B7200122C8D /* Api.swift */,
				CB913A3020B44E2F000025AD /* ViewControllerWeb.swift */,
				CB913A3320B451D4000025AD /* Connection.swift */,
			);
			path = Connect;
			sourceTree = "<group>";
		};
/* End PBXGroup section */

/* Begin PBXNativeTarget section */
		CB913A0820B15BA6000025AD /* Swift_2 */ = {
			isa = PBXNativeTarget;
			buildConfigurationList = CB913A1B20B15BA7000025AD /* Build configuration list for PBXNativeTarget "Swift_2" */;
			buildPhases = (
				CB2FC881B1CCC460C8EC4B2A /* [CP] Check Pods Manifest.lock */,
				CB913A0520B15BA6000025AD /* Sources */,
				CB913A0620B15BA6000025AD /* Frameworks */,
				CB913A0720B15BA6000025AD /* Resources */,
				B4CBA9F181FCE579872563DC /* [CP] Embed Pods Frameworks */,
			);
			buildRules = (
			);
			dependencies = (
			);
			name = Swift_2;
			productName = Swift_2;
			productReference = CB913A0920B15BA6000025AD /* Swift_2.app */;
			productType = "com.apple.product-type.application";
		};
/* End PBXNativeTarget section */

/* Begin PBXProject section */
		CB913A0120B15BA6000025AD /* Project object */ = {
			isa = PBXProject;
			attributes = {
				LastSwiftUpdateCheck = 0930;
				LastUpgradeCheck = 0930;
				ORGANIZATIONNAME = "Александр Токарев";
				TargetAttributes = {
					CB913A0820B15BA6000025AD = {
						CreatedOnToolsVersion = 9.3;
					};
				};
			};
			buildConfigurationList = CB913A0420B15BA6000025AD /* Build configuration list for PBXProject "Swift_2" */;
			compatibilityVersion = "Xcode 9.3";
			developmentRegion = en;
			hasScannedForEncodings = 0;
			knownRegions = (
				en,
				Base,
			);
			mainGroup = CB913A0020B15BA6000025AD;
			productRefGroup = CB913A0A20B15BA6000025AD /* Products */;
			projectDirPath = "";
			projectRoot = "";
			targets = (
				CB913A0820B15BA6000025AD /* Swift_2 */,
			);
		};
/* End PBXProject section */

/* Begin PBXResourcesBuildPhase section */
		CB913A0720B15BA6000025AD /* Resources */ = {
			isa = PBXResourcesBuildPhase;
			buildActionMask = 2147483647;
			files = (
				CB913A1720B15BA7000025AD /* LaunchScreen.storyboard in Resources */,
				CB913A1420B15BA7000025AD /* Assets.xcassets in Resources */,
				CB913A1220B15BA6000025AD /* Main.storyboard in Resources */,
			);
			runOnlyForDeploymentPostprocessing = 0;
		};
/* End PBXResourcesBuildPhase section */

/* Begin PBXShellScriptBuildPhase section */
		B4CBA9F181FCE579872563DC /* [CP] Embed Pods Frameworks */ = {
			isa = PBXShellScriptBuildPhase;
			buildActionMask = 2147483647;
			files = (
			);
			inputPaths = (
				"${SRCROOT}/Pods/Target Support Files/Pods-Swift_2/Pods-Swift_2-frameworks.sh",
				"${BUILT_PRODUCTS_DIR}/Kingfisher/Kingfisher.framework",
				"${BUILT_PRODUCTS_DIR}/SwiftyJSON/SwiftyJSON.framework",
			);
			name = "[CP] Embed Pods Frameworks";
			outputPaths = (
				"${TARGET_BUILD_DIR}/${FRAMEWORKS_FOLDER_PATH}/Kingfisher.framework",
				"${TARGET_BUILD_DIR}/${FRAMEWORKS_FOLDER_PATH}/SwiftyJSON.framework",
			);
			runOnlyForDeploymentPostprocessing = 0;
			shellPath = /bin/sh;
			shellScript = "\"${SRCROOT}/Pods/Target Support Files/Pods-Swift_2/Pods-Swift_2-frameworks.sh\"\n";
			showEnvVarsInLog = 0;
		};
		CB2FC881B1CCC460C8EC4B2A /* [CP] Check Pods Manifest.lock */ = {
			isa = PBXShellScriptBuildPhase;
			buildActionMask = 2147483647;
			files = (
			);
			inputPaths = (
				"${PODS_PODFILE_DIR_PATH}/Podfile.lock",
				"${PODS_ROOT}/Manifest.lock",
			);
			name = "[CP] Check Pods Manifest.lock";
			outputPaths = (
				"$(DERIVED_FILE_DIR)/Pods-Swift_2-checkManifestLockResult.txt",
			);
			runOnlyForDeploymentPostprocessing = 0;
			shellPath = /bin/sh;
			shellScript = "diff \"${PODS_PODFILE_DIR_PATH}/Podfile.lock\" \"${PODS_ROOT}/Manifest.lock\" > /dev/null\nif [ $? != 0 ] ; then\n    # print error to STDERR\n    echo \"error: The sandbox is not in sync with the Podfile.lock. Run 'pod install' or update your CocoaPods installation.\" >&2\n    exit 1\nfi\n# This output is used by Xcode 'outputs' to avoid re-running this script phase.\necho \"SUCCESS\" > \"${SCRIPT_OUTPUT_FILE_0}\"\n";
			showEnvVarsInLog = 0;
		};
/* End PBXShellScriptBuildPhase section */

/* Begin PBXSourcesBuildPhase section */
		CB913A0520B15BA6000025AD /* Sources */ = {
			isa = PBXSourcesBuildPhase;
			buildActionMask = 2147483647;
			files = (
				CB913A0F20B15BA6000025AD /* ViewController.swift in Sources */,
				CB913A0D20B15BA6000025AD /* AppDelegate.swift in Sources */,
				CB6B1F7F20BF315800122C8D /* Friends.swift in Sources */,
				CB913A2920B2E5C1000025AD /* CollectionViewCellFriend.swift in Sources */,
				CB913A2120B1B13E000025AD /* TableViewControllerFriends.swift in Sources */,
				CB6B1F8120C00B7200122C8D /* Api.swift in Sources */,
				CB6B1F8520C0229400122C8D /* Groups.swift in Sources */,
				CB913A3120B44E2F000025AD /* ViewControllerWeb.swift in Sources */,
				CB913A2E20B31134000025AD /* TableViewControllerGroup.swift in Sources */,
				CB913A3420B451D4000025AD /* Connection.swift in Sources */,
				CB913A2320B1B76B000025AD /* TableViewCellFriend.swift in Sources */,
				CB913A2520B2DD7C000025AD /* CollectionViewController.swift in Sources */,
				CB6B1F8320C020ED00122C8D /* TableViewCellGroup.swift in Sources */,
			);
			runOnlyForDeploymentPostprocessing = 0;
		};
/* End PBXSourcesBuildPhase section */

/* Begin PBXVariantGroup section */
		CB913A1020B15BA6000025AD /* Main.storyboard */ = {
			isa = PBXVariantGroup;
			children = (
				CB913A1120B15BA6000025AD /* Base */,
			);
			name = Main.storyboard;
			sourceTree = "<group>";
		};
		CB913A1520B15BA7000025AD /* LaunchScreen.storyboard */ = {
			isa = PBXVariantGroup;
			children = (
				CB913A1620B15BA7000025AD /* Base */,
			);
			name = LaunchScreen.storyboard;
			sourceTree = "<group>";
		};
/* End PBXVariantGroup section */

/* Begin XCBuildConfiguration section */
		CB913A1920B15BA7000025AD /* Debug */ = {
			isa = XCBuildConfiguration;
			buildSettings = {
				ALWAYS_SEARCH_USER_PATHS = NO;
				CLANG_ANALYZER_NONNULL = YES;
				CLANG_ANALYZER_NUMBER_OBJECT_CONVERSION = YES_AGGRESSIVE;
				CLANG_CXX_LANGUAGE_STANDARD = "gnu++14";
				CLANG_CXX_LIBRARY = "libc++";
				CLANG_ENABLE_MODULES = YES;
				CLANG_ENABLE_OBJC_ARC = YES;
				CLANG_ENABLE_OBJC_WEAK = YES;
				CLANG_WARN_BLOCK_CAPTURE_AUTORELEASING = YES;
				CLANG_WARN_BOOL_CONVERSION = YES;
				CLANG_WARN_COMMA = YES;
				CLANG_WARN_CONSTANT_CONVERSION = YES;
				CLANG_WARN_DEPRECATED_OBJC_IMPLEMENTATIONS = YES;
				CLANG_WARN_DIRECT_OBJC_ISA_USAGE = YES_ERROR;
				CLANG_WARN_DOCUMENTATION_COMMENTS = YES;
				CLANG_WARN_EMPTY_BODY = YES;
				CLANG_WARN_ENUM_CONVERSION = YES;
				CLANG_WARN_INFINITE_RECURSION = YES;
				CLANG_WARN_INT_CONVERSION = YES;
				CLANG_WARN_NON_LITERAL_NULL_CONVERSION = YES;
				CLANG_WARN_OBJC_IMPLICIT_RETAIN_SELF = YES;
				CLANG_WARN_OBJC_LITERAL_CONVERSION = YES;
				CLANG_WARN_OBJC_ROOT_CLASS = YES_ERROR;
				CLANG_WARN_RANGE_LOOP_ANALYSIS = YES;
				CLANG_WARN_STRICT_PROTOTYPES = YES;
				CLANG_WARN_SUSPICIOUS_MOVE = YES;
				CLANG_WARN_UNGUARDED_AVAILABILITY = YES_AGGRESSIVE;
				CLANG_WARN_UNREACHABLE_CODE = YES;
				CLANG_WARN__DUPLICATE_METHOD_MATCH = YES;
				CODE_SIGN_IDENTITY = "iPhone Developer";
				COPY_PHASE_STRIP = NO;
				DEBUG_INFORMATION_FORMAT = dwarf;
				ENABLE_STRICT_OBJC_MSGSEND = YES;
				ENABLE_TESTABILITY = YES;
				GCC_C_LANGUAGE_STANDARD = gnu11;
				GCC_DYNAMIC_NO_PIC = NO;
				GCC_NO_COMMON_BLOCKS = YES;
				GCC_OPTIMIZATION_LEVEL = 0;
				GCC_PREPROCESSOR_DEFINITIONS = (
					"DEBUG=1",
					"$(inherited)",
				);
				GCC_WARN_64_TO_32_BIT_CONVERSION = YES;
				GCC_WARN_ABOUT_RETURN_TYPE = YES_ERROR;
				GCC_WARN_UNDECLARED_SELECTOR = YES;
				GCC_WARN_UNINITIALIZED_AUTOS = YES_AGGRESSIVE;
				GCC_WARN_UNUSED_FUNCTION = YES;
				GCC_WARN_UNUSED_VARIABLE = YES;
				IPHONEOS_DEPLOYMENT_TARGET = 11.3;
				MTL_ENABLE_DEBUG_INFO = YES;
				ONLY_ACTIVE_ARCH = YES;
				SDKROOT = iphoneos;
				SWIFT_ACTIVE_COMPILATION_CONDITIONS = DEBUG;
				SWIFT_OPTIMIZATION_LEVEL = "-Onone";
			};
			name = Debug;
		};
		CB913A1A20B15BA7000025AD /* Release */ = {
			isa = XCBuildConfiguration;
			buildSettings = {
				ALWAYS_SEARCH_USER_PATHS = NO;
				CLANG_ANALYZER_NONNULL = YES;
				CLANG_ANALYZER_NUMBER_OBJECT_CONVERSION = YES_AGGRESSIVE;
				CLANG_CXX_LANGUAGE_STANDARD = "gnu++14";
				CLANG_CXX_LIBRARY = "libc++";
				CLANG_ENABLE_MODULES = YES;
				CLANG_ENABLE_OBJC_ARC = YES;
				CLANG_ENABLE_OBJC_WEAK = YES;
				CLANG_WARN_BLOCK_CAPTURE_AUTORELEASING = YES;
				CLANG_WARN_BOOL_CONVERSION = YES;
				CLANG_WARN_COMMA = YES;
				CLANG_WARN_CONSTANT_CONVERSION = YES;
				CLANG_WARN_DEPRECATED_OBJC_IMPLEMENTATIONS = YES;
				CLANG_WARN_DIRECT_OBJC_ISA_USAGE = YES_ERROR;
				CLANG_WARN_DOCUMENTATION_COMMENTS = YES;
				CLANG_WARN_EMPTY_BODY = YES;
				CLANG_WARN_ENUM_CONVERSION = YES;
				CLANG_WARN_INFINITE_RECURSION = YES;
				CLANG_WARN_INT_CONVERSION = YES;
				CLANG_WARN_NON_LITERAL_NULL_CONVERSION = YES;
				CLANG_WARN_OBJC_IMPLICIT_RETAIN_SELF = YES;
				CLANG_WARN_OBJC_LITERAL_CONVERSION = YES;
				CLANG_WARN_OBJC_ROOT_CLASS = YES_ERROR;
				CLANG_WARN_RANGE_LOOP_ANALYSIS = YES;
				CLANG_WARN_STRICT_PROTOTYPES = YES;
				CLANG_WARN_SUSPICIOUS_MOVE = YES;
				CLANG_WARN_UNGUARDED_AVAILABILITY = YES_AGGRESSIVE;
				CLANG_WARN_UNREACHABLE_CODE = YES;
				CLANG_WARN__DUPLICATE_METHOD_MATCH = YES;
				CODE_SIGN_IDENTITY = "iPhone Developer";
				COPY_PHASE_STRIP = NO;
				DEBUG_INFORMATION_FORMAT = "dwarf-with-dsym";
				ENABLE_NS_ASSERTIONS = NO;
				ENABLE_STRICT_OBJC_MSGSEND = YES;
				GCC_C_LANGUAGE_STANDARD = gnu11;
				GCC_NO_COMMON_BLOCKS = YES;
				GCC_WARN_64_TO_32_BIT_CONVERSION = YES;
				GCC_WARN_ABOUT_RETURN_TYPE = YES_ERROR;
				GCC_WARN_UNDECLARED_SELECTOR = YES;
				GCC_WARN_UNINITIALIZED_AUTOS = YES_AGGRESSIVE;
				GCC_WARN_UNUSED_FUNCTION = YES;
				GCC_WARN_UNUSED_VARIABLE = YES;
				IPHONEOS_DEPLOYMENT_TARGET = 11.3;
				MTL_ENABLE_DEBUG_INFO = NO;
				SDKROOT = iphoneos;
				SWIFT_COMPILATION_MODE = wholemodule;
				SWIFT_OPTIMIZATION_LEVEL = "-O";
				VALIDATE_PRODUCT = YES;
			};
			name = Release;
		};
		CB913A1C20B15BA7000025AD /* Debug */ = {
			isa = XCBuildConfiguration;
			baseConfigurationReference = 0489ED75E035DB6A20A57D86 /* Pods-Swift_2.debug.xcconfig */;
			buildSettings = {
				ASSETCATALOG_COMPILER_APPICON_NAME = AppIcon;
				CODE_SIGN_STYLE = Automatic;
				DEVELOPMENT_TEAM = QD6HF38L2X;
				INFOPLIST_FILE = Swift_2/Info.plist;
				LD_RUNPATH_SEARCH_PATHS = (
					"$(inherited)",
					"@executable_path/Frameworks",
				);
				PRODUCT_BUNDLE_IDENTIFIER = "-11.Swift-2";
				PRODUCT_NAME = "$(TARGET_NAME)";
				SWIFT_VERSION = 4.0;
				TARGETED_DEVICE_FAMILY = "1,2";
			};
			name = Debug;
		};
		CB913A1D20B15BA7000025AD /* Release */ = {
			isa = XCBuildConfiguration;
			baseConfigurationReference = 5CEDEF8571AA94F89AB5B5C9 /* Pods-Swift_2.release.xcconfig */;
			buildSettings = {
				ASSETCATALOG_COMPILER_APPICON_NAME = AppIcon;
				CODE_SIGN_STYLE = Automatic;
				DEVELOPMENT_TEAM = QD6HF38L2X;
				INFOPLIST_FILE = Swift_2/Info.plist;
				LD_RUNPATH_SEARCH_PATHS = (
					"$(inherited)",
					"@executable_path/Frameworks",
				);
				PRODUCT_BUNDLE_IDENTIFIER = "-11.Swift-2";
				PRODUCT_NAME = "$(TARGET_NAME)";
				SWIFT_VERSION = 4.0;
				TARGETED_DEVICE_FAMILY = "1,2";
			};
			name = Release;
		};
/* End XCBuildConfiguration section */

/* Begin XCConfigurationList section */
		CB913A0420B15BA6000025AD /* Build configuration list for PBXProject "Swift_2" */ = {
			isa = XCConfigurationList;
			buildConfigurations = (
				CB913A1920B15BA7000025AD /* Debug */,
				CB913A1A20B15BA7000025AD /* Release */,
			);
			defaultConfigurationIsVisible = 0;
			defaultConfigurationName = Release;
		};
		CB913A1B20B15BA7000025AD /* Build configuration list for PBXNativeTarget "Swift_2" */ = {
			isa = XCConfigurationList;
			buildConfigurations = (
				CB913A1C20B15BA7000025AD /* Debug */,
				CB913A1D20B15BA7000025AD /* Release */,
			);
			defaultConfigurationIsVisible = 0;
			defaultConfigurationName = Release;
		};
/* End XCConfigurationList section */
	};
	rootObject = CB913A0120B15BA6000025AD /* Project object */;
}
